
Microsoft Visual Studio Solution File, Format Version 12.00
# Visual Studio 2012
Project("{FAE04EC0-301F-11D3-BF4B-00C04F79EFBC}") = "CaLC", "CaLC\CaLC.csproj", "{3405468D-D5E9-430B-B867-B6895FCEC8F4}"
EndProject
Project("{FAE04EC0-301F-11D3-BF4B-00C04F79EFBC}") = "CaLC.iOS", "iOS\CaLC.iOS.csproj", "{D99B578C-1D16-4762-A568-EA8F6381E771}"
EndProject
Project("{FAE04EC0-301F-11D3-BF4B-00C04F79EFBC}") = "CaLC.Droid", "Droid\CaLC.Droid.csproj", "{DDD09436-4F69-425A-9095-3A0BE29C7980}"
EndProject
Global
	GlobalSection(SolutionConfigurationPlatforms) = preSolution
		Debug|Any CPU = Debug|Any CPU
		Release|Any CPU = Release|Any CPU
		Debug|iPhoneSimulator = Debug|iPhoneSimulator
		Release|iPhone = Release|iPhone
		Release|iPhoneSimulator = Release|iPhoneSimulator
		Debug|iPhone = Debug|iPhone
	EndGlobalSection
	GlobalSection(ProjectConfigurationPlatforms) = postSolution
		{3405468D-D5E9-430B-B867-B6895FCEC8F4}.Debug|Any CPU.ActiveCfg = Debug|Any CPU
		{3405468D-D5E9-430B-B867-B6895FCEC8F4}.Debug|Any CPU.Build.0 = Debug|Any CPU
		{3405468D-D5E9-430B-B867-B6895FCEC8F4}.Release|Any CPU.ActiveCfg = Release|Any CPU
		{3405468D-D5E9-430B-B867-B6895FCEC8F4}.Release|Any CPU.Build.0 = Release|Any CPU
		{3405468D-D5E9-430B-B867-B6895FCEC8F4}.Debug|iPhoneSimulator.ActiveCfg = Debug|Any CPU
		{3405468D-D5E9-430B-B867-B6895FCEC8F4}.Debug|iPhoneSimulator.Build.0 = Debug|Any CPU
		{3405468D-D5E9-430B-B867-B6895FCEC8F4}.Release|iPhone.ActiveCfg = Release|Any CPU
		{3405468D-D5E9-430B-B867-B6895FCEC8F4}.Release|iPhone.Build.0 = Release|Any CPU
		{3405468D-D5E9-430B-B867-B6895FCEC8F4}.Release|iPhoneSimulator.ActiveCfg = Release|Any CPU
		{3405468D-D5E9-430B-B867-B6895FCEC8F4}.Release|iPhoneSimulator.Build.0 = Release|Any CPU
		{3405468D-D5E9-430B-B867-B6895FCEC8F4}.Debug|iPhone.ActiveCfg = Debug|Any CPU
		{3405468D-D5E9-430B-B867-B6895FCEC8F4}.Debug|iPhone.Build.0 = Debug|Any CPU
		{D99B578C-1D16-4762-A568-EA8F6381E771}.Debug|Any CPU.ActiveCfg = Debug|iPhoneSimulator
		{D99B578C-1D16-4762-A568-EA8F6381E771}.Debug|Any CPU.Build.0 = Debug|iPhoneSimulator
		{D99B578C-1D16-4762-A568-EA8F6381E771}.Release|Any CPU.ActiveCfg = Debug|iPhoneSimulator
		{D99B578C-1D16-4762-A568-EA8F6381E771}.Release|Any CPU.Build.0 = Debug|iPhoneSimulator
		{D99B578C-1D16-4762-A568-EA8F6381E771}.Debug|iPhoneSimulator.ActiveCfg = Debug|iPhoneSimulator
		{D99B578C-1D16-4762-A568-EA8F6381E771}.Debug|iPhoneSimulator.Build.0 = Debug|iPhoneSimulator
		{D99B578C-1D16-4762-A568-EA8F6381E771}.Release|iPhone.ActiveCfg = Release|iPhone
		{D99B578C-1D16-4762-A568-EA8F6381E771}.Release|iPhone.Build.0 = Release|iPhone
		{D99B578C-1D16-4762-A568-EA8F6381E771}.Release|iPhoneSimulator.ActiveCfg = Release|iPhoneSimulator
		{D99B578C-1D16-4762-A568-EA8F6381E771}.Release|iPhoneSimulator.Build.0 = Release|iPhoneSimulator
		{D99B578C-1D16-4762-A568-EA8F6381E771}.Debug|iPhone.ActiveCfg = Debug|iPhone
		{D99B578C-1D16-4762-A568-EA8F6381E771}.Debug|iPhone.Build.0 = Debug|iPhone
		{DDD09436-4F69-425A-9095-3A0BE29C7980}.Debug|Any CPU.ActiveCfg = Debug|Any CPU
		{DDD09436-4F69-425A-9095-3A0BE29C7980}.Debug|Any CPU.Build.0 = Debug|Any CPU
		{DDD09436-4F69-425A-9095-3A0BE29C7980}.Release|Any CPU.ActiveCfg = Release|Any CPU
		{DDD09436-4F69-425A-9095-3A0BE29C7980}.Release|Any CPU.Build.0 = Release|Any CPU
		{DDD09436-4F69-425A-9095-3A0BE29C7980}.Debug|iPhoneSimulator.ActiveCfg = Debug|Any CPU
		{DDD09436-4F69-425A-9095-3A0BE29C7980}.Debug|iPhoneSimulator.Build.0 = Debug|Any CPU
		{DDD09436-4F69-425A-9095-3A0BE29C7980}.Release|iPhone.ActiveCfg = Release|Any CPU
		{DDD09436-4F69-425A-9095-3A0BE29C7980}.Release|iPhone.Build.0 = Release|Any CPU
		{DDD09436-4F69-425A-9095-3A0BE29C7980}.Release|iPhoneSimulator.ActiveCfg = Release|Any CPU
		{DDD09436-4F69-425A-9095-3A0BE29C7980}.Release|iPhoneSimulator.Build.0 = Release|Any CPU
		{DDD09436-4F69-425A-9095-3A0BE29C7980}.Debug|iPhone.ActiveCfg = Debug|Any CPU
		{DDD09436-4F69-425A-9095-3A0BE29C7980}.Debug|iPhone.Build.0 = Debug|Any CPU
	EndGlobalSection
EndGlobal
